
Microsoft Visual Studio Solution File, Format Version 12.00
# Visual Studio Version 16
VisualStudioVersion = 16.0.30621.155
MinimumVisualStudioVersion = 10.0.40219.1
Project("{FAE04EC0-301F-11D3-BF4B-00C04F79EFBC}") = "29102020", "29102020.csproj", "{38E7E26E-F309-4C50-A571-EA17450E1D1B}"
EndProject
Global
	GlobalSection(SolutionConfigurationPlatforms) = preSolution
		Debug|Any CPU = Debug|Any CPU
		Release|Any CPU = Release|Any CPU
	EndGlobalSection
	GlobalSection(ProjectConfigurationPlatforms) = postSolution
		{38E7E26E-F309-4C50-A571-EA17450E1D1B}.Debug|Any CPU.ActiveCfg = Debug|Any CPU
		{38E7E26E-F309-4C50-A571-EA17450E1D1B}.Debug|Any CPU.Build.0 = Debug|Any CPU
		{38E7E26E-F309-4C50-A571-EA17450E1D1B}.Release|Any CPU.ActiveCfg = Release|Any CPU
		{38E7E26E-F309-4C50-A571-EA17450E1D1B}.Release|Any CPU.Build.0 = Release|Any CPU
	EndGlobalSection
	GlobalSection(SolutionProperties) = preSolution
		HideSolutionNode = FALSE
	EndGlobalSection
	GlobalSection(ExtensibilityGlobals) = postSolution
		SolutionGuid = {9B3C6233-4FC6-4B75-BA50-AF5067F4014A}
	EndGlobalSection
EndGlobal
